
Microsoft Visual Studio Solution File, Format Version 12.00
# Visual Studio 2013
VisualStudioVersion = 12.0.21005.1
MinimumVisualStudioVersion = 10.0.40219.1
Project("{FAE04EC0-301F-11D3-BF4B-00C04F79EFBC}") = "TiendaMusica", "TiendaMusica\TiendaMusica.csproj", "{244FC6F2-6CFE-43B6-BA4B-5326DF8F4B3E}"
EndProject
Global
	GlobalSection(SolutionConfigurationPlatforms) = preSolution
		Debug|Any CPU = Debug|Any CPU
		Release|Any CPU = Release|Any CPU
	EndGlobalSection
	GlobalSection(ProjectConfigurationPlatforms) = postSolution
		{244FC6F2-6CFE-43B6-BA4B-5326DF8F4B3E}.Debug|Any CPU.ActiveCfg = Debug|Any CPU
		{244FC6F2-6CFE-43B6-BA4B-5326DF8F4B3E}.Debug|Any CPU.Build.0 = Debug|Any CPU
		{244FC6F2-6CFE-43B6-BA4B-5326DF8F4B3E}.Release|Any CPU.ActiveCfg = Release|Any CPU
		{244FC6F2-6CFE-43B6-BA4B-5326DF8F4B3E}.Release|Any CPU.Build.0 = Release|Any CPU
	EndGlobalSection
	GlobalSection(SolutionProperties) = preSolution
		HideSolutionNode = FALSE
	EndGlobalSection
EndGlobal
